
Microsoft Visual Studio Solution File, Format Version 12.00
# Visual Studio Version 16
VisualStudioVersion = 16.0.30114.105
MinimumVisualStudioVersion = 10.0.40219.1
Project("{FAE04EC0-301F-11D3-BF4B-00C04F79EFBC}") = "165403002_Esra_Uyanir", "165403002_Esra_Uyanir\165403002_Esra_Uyanir.csproj", "{CA97D595-F843-4B26-B1E7-6DDCCC14F653}"
EndProject
Global
	GlobalSection(SolutionConfigurationPlatforms) = preSolution
		Debug|Any CPU = Debug|Any CPU
		Release|Any CPU = Release|Any CPU
	EndGlobalSection
	GlobalSection(ProjectConfigurationPlatforms) = postSolution
		{CA97D595-F843-4B26-B1E7-6DDCCC14F653}.Debug|Any CPU.ActiveCfg = Debug|Any CPU
		{CA97D595-F843-4B26-B1E7-6DDCCC14F653}.Debug|Any CPU.Build.0 = Debug|Any CPU
		{CA97D595-F843-4B26-B1E7-6DDCCC14F653}.Release|Any CPU.ActiveCfg = Release|Any CPU
		{CA97D595-F843-4B26-B1E7-6DDCCC14F653}.Release|Any CPU.Build.0 = Release|Any CPU
	EndGlobalSection
	GlobalSection(SolutionProperties) = preSolution
		HideSolutionNode = FALSE
	EndGlobalSection
	GlobalSection(ExtensibilityGlobals) = postSolution
		SolutionGuid = {0EF03A1A-74BE-4E7C-8F8C-ED43EAD968E4}
	EndGlobalSection
EndGlobal
